{
  "object": {
    "pins": [
      {
        "package": "Nuke",
        "repositoryURL": "https://github.com/kean/Nuke.git",
        "state": {
          "branch": null,
          "revision": "8e431251dea0081b6ab154dab61a6ec74e4b6577",
          "version": "12.6.0"
        }
      }
    ]
  },
  "version": 1
}
